
Microsoft Visual Studio Solution File, Format Version 12.00
# Visual Studio Version 16
VisualStudioVersion = 16.0.31515.178
MinimumVisualStudioVersion = 10.0.40219.1
Project("{FAE04EC0-301F-11D3-BF4B-00C04F79EFBC}") = "Recipes", "Recipes\Recipes.csproj", "{6C7A902F-6E2A-42E6-85FB-6A6DA48F1918}"
EndProject
Global
	GlobalSection(SolutionConfigurationPlatforms) = preSolution
		Debug|Any CPU = Debug|Any CPU
		Release|Any CPU = Release|Any CPU
	EndGlobalSection
	GlobalSection(ProjectConfigurationPlatforms) = postSolution
		{6C7A902F-6E2A-42E6-85FB-6A6DA48F1918}.Debug|Any CPU.ActiveCfg = Debug|Any CPU
		{6C7A902F-6E2A-42E6-85FB-6A6DA48F1918}.Debug|Any CPU.Build.0 = Debug|Any CPU
		{6C7A902F-6E2A-42E6-85FB-6A6DA48F1918}.Release|Any CPU.ActiveCfg = Release|Any CPU
		{6C7A902F-6E2A-42E6-85FB-6A6DA48F1918}.Release|Any CPU.Build.0 = Release|Any CPU
	EndGlobalSection
	GlobalSection(SolutionProperties) = preSolution
		HideSolutionNode = FALSE
	EndGlobalSection
	GlobalSection(ExtensibilityGlobals) = postSolution
		SolutionGuid = {FE0CF914-5FE8-4F22-BA17-77B9997E34F7}
	EndGlobalSection
EndGlobal
